
Microsoft Visual Studio Solution File, Format Version 12.00
# Visual Studio 14
VisualStudioVersion = 14.0.23107.0
MinimumVisualStudioVersion = 10.0.40219.1
Project("{2150E333-8FDC-42A3-9474-1A3956D46DE8}") = "src", "src", "{C8112966-7334-46D1-9F8F-B7AFE249765F}"
EndProject
Project("{2150E333-8FDC-42A3-9474-1A3956D46DE8}") = "Solution Items", "Solution Items", "{E5DC4237-BCD4-4BB9-8ED9-AF7B81C32C77}"
	ProjectSection(SolutionItems) = preProject
		global.json = global.json
	EndProjectSection
EndProject
Project("{8BB2217D-0F2D-49D1-97BC-3654ED321F3B}") = "webapiScores", "src\webapiScores\webapiScores.xproj", "{662FD10A-285D-4B10-91D6-C9CA6D6CFFF7}"
EndProject
Global
	GlobalSection(SolutionConfigurationPlatforms) = preSolution
		Debug|Any CPU = Debug|Any CPU
		Release|Any CPU = Release|Any CPU
	EndGlobalSection
	GlobalSection(ProjectConfigurationPlatforms) = postSolution
		{662FD10A-285D-4B10-91D6-C9CA6D6CFFF7}.Debug|Any CPU.ActiveCfg = Debug|Any CPU
		{662FD10A-285D-4B10-91D6-C9CA6D6CFFF7}.Debug|Any CPU.Build.0 = Debug|Any CPU
		{662FD10A-285D-4B10-91D6-C9CA6D6CFFF7}.Release|Any CPU.ActiveCfg = Release|Any CPU
		{662FD10A-285D-4B10-91D6-C9CA6D6CFFF7}.Release|Any CPU.Build.0 = Release|Any CPU
	EndGlobalSection
	GlobalSection(SolutionProperties) = preSolution
		HideSolutionNode = FALSE
	EndGlobalSection
	GlobalSection(NestedProjects) = preSolution
		{662FD10A-285D-4B10-91D6-C9CA6D6CFFF7} = {C8112966-7334-46D1-9F8F-B7AFE249765F}
	EndGlobalSection
EndGlobal
